github.com/stalltrix/kep-cli v0.1.1 h1:yw0SAv+d5RWALtBeFx1efj/iZIo+RlLVwr/lvrgs/cI=
github.com/stalltrix/kep-cli v0.1.1/go.mod h1:dumr/quzW1Rz9bWaNif/XQxgwocCvxH5/+TmbmSfjXs=
github.com/stalltrix/kep-demo v0.1.4 h1:y0J4bdc63wJ6GIqoksy8I5sAm+ga1SZkwm2CoGG5Va8=
github.com/stalltrix/kep-demo v0.1.4/go.mod h1:WAIc6l6uJLAyuNbRbF/wjlVjTYXoQT+pL0d8BzeXpIU=
github.com/stalltrix/kepweb v0.1.4 h1:hJTUz0IxB5/0dyU50M3gQqR0FYZ+XHuXbZFT/oGMUXs=
github.com/stalltrix/kepweb v0.1.4/go.mod h1:chm+oQ0W0PcQ01agye6DDsZUnqdn0fRwQ8gBG1ooPhk=
golang.org/x/net v0.43.0 h1:lat02VYK2j4aLzMzecihNvTlJNQUq316m2Mr9rnM6YE=
golang.org/x/net v0.43.0/go.mod h1:vhO1fvI4dGsIjh73sWfUVjj3N7CA9WkKJNQm2svM6Jg=
golang.org/x/time v0.12.0 h1:ScB/8o8olJvc+CQPWrK3fPZNfh7qgwCrY0zJmoEQLSE=
golang.org/x/time v0.12.0/go.mod h1:CDIdPxbZBQxdj6cxyCIdrNogrJKMJ7pr37NYpMcMDSg=
